// !$*UTF8*$!
{
	archiveVersion = 1;
	classes = {
	};
	objectVersion = 55;
	objects = {

/* Begin PBXBuildFile section */
		A2F37885EEF1E2EC55715055 /* Pods_MeKokushi.framework in Frameworks */ = {isa = PBXBuildFile; fileRef = A9C5A775C3DC743F3D1AFB12 /* Pods_MeKokushi.framework */; };
		C529D36528EF363B00BC314D /* MyTabBarController.swift in Sources */ = {isa = PBXBuildFile; fileRef = C529D36428EF363B00BC314D /* MyTabBarController.swift */; };
		C52A73F3289EB158009C1241 /* 30AM40-0.webp in Resources */ = {isa = PBXBuildFile; fileRef = C52A73F2289EB158009C1241 /* 30AM40-0.webp */; };
		C52A73F5289EB9D9009C1241 /* 30AM40.jpeg in Resources */ = {isa = PBXBuildFile; fileRef = C52A73F4289EB9D9009C1241 /* 30AM40.jpeg */; };
		C53D192628BB4E1000EC9E76 /* BookmarkViewController.swift in Sources */ = {isa = PBXBuildFile; fileRef = C53D192528BB4E1000EC9E76 /* BookmarkViewController.swift */; };
		C56A4C502894C97F008F22C4 /* AppDelegate.swift in Sources */ = {isa = PBXBuildFile; fileRef = C56A4C4F2894C97F008F22C4 /* AppDelegate.swift */; };
		C56A4C522894C97F008F22C4 /* SceneDelegate.swift in Sources */ = {isa = PBXBuildFile; fileRef = C56A4C512894C97F008F22C4 /* SceneDelegate.swift */; };
		C56A4C542894C97F008F22C4 /* ViewController.swift in Sources */ = {isa = PBXBuildFile; fileRef = C56A4C532894C97F008F22C4 /* ViewController.swift */; };
		C56A4C572894C97F008F22C4 /* Main.storyboard in Resources */ = {isa = PBXBuildFile; fileRef = C56A4C552894C97F008F22C4 /* Main.storyboard */; };
		C56A4C592894C980008F22C4 /* Assets.xcassets in Resources */ = {isa = PBXBuildFile; fileRef = C56A4C582894C980008F22C4 /* Assets.xcassets */; };
		C56A4C5C2894C980008F22C4 /* LaunchScreen.storyboard in Resources */ = {isa = PBXBuildFile; fileRef = C56A4C5A2894C980008F22C4 /* LaunchScreen.storyboard */; };
		C56A4C642894D8DB008F22C4 /* QuizViewController.swift in Sources */ = {isa = PBXBuildFile; fileRef = C56A4C632894D8DB008F22C4 /* QuizViewController.swift */; };
		C56A4C662894D9E9008F22C4 /* ScoreViewController.swift in Sources */ = {isa = PBXBuildFile; fileRef = C56A4C652894D9E9008F22C4 /* ScoreViewController.swift */; };
		C56A4C682894FCB6008F22C4 /* quiz0.csv in Resources */ = {isa = PBXBuildFile; fileRef = C56A4C672894FCB6008F22C4 /* quiz0.csv */; };
		C56A4C6B289526E0008F22C4 /* correct.png in Resources */ = {isa = PBXBuildFile; fileRef = C56A4C69289526DF008F22C4 /* correct.png */; };
		C56A4C6C289526E0008F22C4 /* incorrect.png in Resources */ = {isa = PBXBuildFile; fileRef = C56A4C6A289526DF008F22C4 /* incorrect.png */; };
		C56A4C6E2895AAE3008F22C4 /* SelectTangenViewController.swift in Sources */ = {isa = PBXBuildFile; fileRef = C56A4C6D2895AAE3008F22C4 /* SelectTangenViewController.swift */; };
		C56A4C702895BF23008F22C4 /* quiz1.csv in Resources */ = {isa = PBXBuildFile; fileRef = C56A4C6F2895BF23008F22C4 /* quiz1.csv */; };
		C56A4C722895BF6C008F22C4 /* quiz2.csv in Resources */ = {isa = PBXBuildFile; fileRef = C56A4C712895BF6C008F22C4 /* quiz2.csv */; };
		C58DA17728A4A65100FD8F0D /* ResultViewController.swift in Sources */ = {isa = PBXBuildFile; fileRef = C58DA17628A4A65100FD8F0D /* ResultViewController.swift */; };
		C5B967AD289B633F00CCA641 /* ME国試.png in Resources */ = {isa = PBXBuildFile; fileRef = C5B967AC289B633F00CCA641 /* ME国試.png */; };
		C5B967B1289B680C00CCA641 /* 180.png in Resources */ = {isa = PBXBuildFile; fileRef = C5B967B0289B680C00CCA641 /* 180.png */; };
		C5B967B3289D789D00CCA641 /* SelectNendaiViewController.swift in Sources */ = {isa = PBXBuildFile; fileRef = C5B967B2289D789D00CCA641 /* SelectNendaiViewController.swift */; };
/* End PBXBuildFile section */

/* Begin PBXFileReference section */
		387F8366FB2F4B296DC52816 /* Pods-MeKokushi.release.xcconfig */ = {isa = PBXFileReference; includeInIndex = 1; lastKnownFileType = text.xcconfig; name = "Pods-MeKokushi.release.xcconfig"; path = "Target Support Files/Pods-MeKokushi/Pods-MeKokushi.release.xcconfig"; sourceTree = "<group>"; };
		45662EC8D4600657E2C0ED8E /* Pods-MeKokushi.debug.xcconfig */ = {isa = PBXFileReference; includeInIndex = 1; lastKnownFileType = text.xcconfig; name = "Pods-MeKokushi.debug.xcconfig"; path = "Target Support Files/Pods-MeKokushi/Pods-MeKokushi.debug.xcconfig"; sourceTree = "<group>"; };
		A9C5A775C3DC743F3D1AFB12 /* Pods_MeKokushi.framework */ = {isa = PBXFileReference; explicitFileType = wrapper.framework; includeInIndex = 0; path = Pods_MeKokushi.framework; sourceTree = BUILT_PRODUCTS_DIR; };
		C529D36428EF363B00BC314D /* MyTabBarController.swift */ = {isa = PBXFileReference; lastKnownFileType = sourcecode.swift; path = MyTabBarController.swift; sourceTree = "<group>"; };
		C52A73F2289EB158009C1241 /* 30AM40-0.webp */ = {isa = PBXFileReference; lastKnownFileType = file; path = "30AM40-0.webp"; sourceTree = "<group>"; };
		C52A73F4289EB9D9009C1241 /* 30AM40.jpeg */ = {isa = PBXFileReference; lastKnownFileType = image.jpeg; path = 30AM40.jpeg; sourceTree = "<group>"; };
		C53D192528BB4E1000EC9E76 /* BookmarkViewController.swift */ = {isa = PBXFileReference; lastKnownFileType = sourcecode.swift; path = BookmarkViewController.swift; sourceTree = "<group>"; };
		C56A4C4C2894C97F008F22C4 /* MeKokushi.app */ = {isa = PBXFileReference; explicitFileType = wrapper.application; includeInIndex = 0; path = MeKokushi.app; sourceTree = BUILT_PRODUCTS_DIR; };
		C56A4C4F2894C97F008F22C4 /* AppDelegate.swift */ = {isa = PBXFileReference; lastKnownFileType = sourcecode.swift; path = AppDelegate.swift; sourceTree = "<group>"; };
		C56A4C512894C97F008F22C4 /* SceneDelegate.swift */ = {isa = PBXFileReference; lastKnownFileType = sourcecode.swift; path = SceneDelegate.swift; sourceTree = "<group>"; };
		C56A4C532894C97F008F22C4 /* ViewController.swift */ = {isa = PBXFileReference; lastKnownFileType = sourcecode.swift; path = ViewController.swift; sourceTree = "<group>"; };
		C56A4C562894C97F008F22C4 /* Base */ = {isa = PBXFileReference; lastKnownFileType = file.storyboard; name = Base; path = Base.lproj/Main.storyboard; sourceTree = "<group>"; };
		C56A4C582894C980008F22C4 /* Assets.xcassets */ = {isa = PBXFileReference; lastKnownFileType = folder.assetcatalog; path = Assets.xcassets; sourceTree = "<group>"; };
		C56A4C5B2894C980008F22C4 /* Base */ = {isa = PBXFileReference; lastKnownFileType = file.storyboard; name = Base; path = Base.lproj/LaunchScreen.storyboard; sourceTree = "<group>"; };
		C56A4C5D2894C980008F22C4 /* Info.plist */ = {isa = PBXFileReference; lastKnownFileType = text.plist.xml; path = Info.plist; sourceTree = "<group>"; };
		C56A4C632894D8DB008F22C4 /* QuizViewController.swift */ = {isa = PBXFileReference; lastKnownFileType = sourcecode.swift; path = QuizViewController.swift; sourceTree = "<group>"; };
		C56A4C652894D9E9008F22C4 /* ScoreViewController.swift */ = {isa = PBXFileReference; lastKnownFileType = sourcecode.swift; path = ScoreViewController.swift; sourceTree = "<group>"; };
		C56A4C672894FCB6008F22C4 /* quiz0.csv */ = {isa = PBXFileReference; lastKnownFileType = text; path = quiz0.csv; sourceTree = "<group>"; };
		C56A4C69289526DF008F22C4 /* correct.png */ = {isa = PBXFileReference; lastKnownFileType = image.png; path = correct.png; sourceTree = "<group>"; };
		C56A4C6A289526DF008F22C4 /* incorrect.png */ = {isa = PBXFileReference; lastKnownFileType = image.png; path = incorrect.png; sourceTree = "<group>"; };
		C56A4C6D2895AAE3008F22C4 /* SelectTangenViewController.swift */ = {isa = PBXFileReference; lastKnownFileType = sourcecode.swift; path = SelectTangenViewController.swift; sourceTree = "<group>"; };
		C56A4C6F2895BF23008F22C4 /* quiz1.csv */ = {isa = PBXFileReference; lastKnownFileType = text; path = quiz1.csv; sourceTree = "<group>"; };
		C56A4C712895BF6C008F22C4 /* quiz2.csv */ = {isa = PBXFileReference; lastKnownFileType = text; path = quiz2.csv; sourceTree = "<group>"; };
		C58DA17628A4A65100FD8F0D /* ResultViewController.swift */ = {isa = PBXFileReference; lastKnownFileType = sourcecode.swift; path = ResultViewController.swift; sourceTree = "<group>"; };
		C5B967AC289B633F00CCA641 /* ME国試.png */ = {isa = PBXFileReference; lastKnownFileType = image.png; path = "ME国試.png"; sourceTree = "<group>"; };
		C5B967B0289B680C00CCA641 /* 180.png */ = {isa = PBXFileReference; lastKnownFileType = image.png; path = 180.png; sourceTree = "<group>"; };
		C5B967B2289D789D00CCA641 /* SelectNendaiViewController.swift */ = {isa = PBXFileReference; lastKnownFileType = sourcecode.swift; path = SelectNendaiViewController.swift; sourceTree = "<group>"; };
/* End PBXFileReference section */

/* Begin PBXFrameworksBuildPhase section */
		C56A4C492894C97F008F22C4 /* Frameworks */ = {
			isa = PBXFrameworksBuildPhase;
			buildActionMask = 2147483647;
			files = (
				A2F37885EEF1E2EC55715055 /* Pods_MeKokushi.framework in Frameworks */,
			);
			runOnlyForDeploymentPostprocessing = 0;
		};
/* End PBXFrameworksBuildPhase section */

/* Begin PBXGroup section */
		472A288101C7D49CD86D7DF2 /* Pods */ = {
			isa = PBXGroup;
			children = (
				45662EC8D4600657E2C0ED8E /* Pods-MeKokushi.debug.xcconfig */,
				387F8366FB2F4B296DC52816 /* Pods-MeKokushi.release.xcconfig */,
			);
			path = Pods;
			sourceTree = "<group>";
		};
		ADD436174C5673A5E3E1324B /* Frameworks */ = {
			isa = PBXGroup;
			children = (
				A9C5A775C3DC743F3D1AFB12 /* Pods_MeKokushi.framework */,
			);
			name = Frameworks;
			sourceTree = "<group>";
		};
		C52A73F1289EB158009C1241 /* 問題画像 */ = {
			isa = PBXGroup;
			children = (
				C52A73F4289EB9D9009C1241 /* 30AM40.jpeg */,
				C52A73F2289EB158009C1241 /* 30AM40-0.webp */,
			);
			path = "問題画像";
			sourceTree = "<group>";
		};
		C56A4C432894C97F008F22C4 = {
			isa = PBXGroup;
			children = (
				C56A4C4E2894C97F008F22C4 /* MeKokushi */,
				C56A4C4D2894C97F008F22C4 /* Products */,
				472A288101C7D49CD86D7DF2 /* Pods */,
				ADD436174C5673A5E3E1324B /* Frameworks */,
			);
			sourceTree = "<group>";
		};
		C56A4C4D2894C97F008F22C4 /* Products */ = {
			isa = PBXGroup;
			children = (
				C56A4C4C2894C97F008F22C4 /* MeKokushi.app */,
			);
			name = Products;
			sourceTree = "<group>";
		};
		C56A4C4E2894C97F008F22C4 /* MeKokushi */ = {
			isa = PBXGroup;
			children = (
				C56A4C512894C97F008F22C4 /* SceneDelegate.swift */,
				C56A4C532894C97F008F22C4 /* ViewController.swift */,
				C56A4C4F2894C97F008F22C4 /* AppDelegate.swift */,
				C56A4C552894C97F008F22C4 /* Main.storyboard */,
				C529D36428EF363B00BC314D /* MyTabBarController.swift */,
				C5B967B2289D789D00CCA641 /* SelectNendaiViewController.swift */,
				C56A4C6D2895AAE3008F22C4 /* SelectTangenViewController.swift */,
				C56A4C632894D8DB008F22C4 /* QuizViewController.swift */,
				C58DA17628A4A65100FD8F0D /* ResultViewController.swift */,
				C53D192528BB4E1000EC9E76 /* BookmarkViewController.swift */,
				C56A4C652894D9E9008F22C4 /* ScoreViewController.swift */,
				C56A4C672894FCB6008F22C4 /* quiz0.csv */,
				C56A4C6F2895BF23008F22C4 /* quiz1.csv */,
				C56A4C712895BF6C008F22C4 /* quiz2.csv */,
				C5B967B0289B680C00CCA641 /* 180.png */,
				C56A4C582894C980008F22C4 /* Assets.xcassets */,
				C56A4C5A2894C980008F22C4 /* LaunchScreen.storyboard */,
				C56A4C5D2894C980008F22C4 /* Info.plist */,
				C56A4C69289526DF008F22C4 /* correct.png */,
				C56A4C6A289526DF008F22C4 /* incorrect.png */,
				C52A73F1289EB158009C1241 /* 問題画像 */,
				C5B967AC289B633F00CCA641 /* ME国試.png */,
			);
			path = MeKokushi;
			sourceTree = "<group>";
		};
/* End PBXGroup section */

/* Begin PBXNativeTarget section */
		C56A4C4B2894C97F008F22C4 /* MeKokushi */ = {
			isa = PBXNativeTarget;
			buildConfigurationList = C56A4C602894C980008F22C4 /* Build configuration list for PBXNativeTarget "MeKokushi" */;
			buildPhases = (
				0166B70665AA3A97E2279789 /* [CP] Check Pods Manifest.lock */,
				C56A4C482894C97F008F22C4 /* Sources */,
				C56A4C492894C97F008F22C4 /* Frameworks */,
				C56A4C4A2894C97F008F22C4 /* Resources */,
				AD656AF149A4D6A45F6B8A32 /* [CP] Embed Pods Frameworks */,
			);
			buildRules = (
			);
			dependencies = (
			);
			name = MeKokushi;
			productName = MeKokushi;
			productReference = C56A4C4C2894C97F008F22C4 /* MeKokushi.app */;
			productType = "com.apple.product-type.application";
		};
/* End PBXNativeTarget section */

/* Begin PBXProject section */
		C56A4C442894C97F008F22C4 /* Project object */ = {
			isa = PBXProject;
			attributes = {
				BuildIndependentTargetsInParallel = 1;
				LastSwiftUpdateCheck = 1340;
				LastUpgradeCheck = 1340;
				TargetAttributes = {
					C56A4C4B2894C97F008F22C4 = {
						CreatedOnToolsVersion = 13.4.1;
					};
				};
			};
			buildConfigurationList = C56A4C472894C97F008F22C4 /* Build configuration list for PBXProject "MeKokushi" */;
			compatibilityVersion = "Xcode 13.0";
			developmentRegion = en;
			hasScannedForEncodings = 0;
			knownRegions = (
				en,
				Base,
			);
			mainGroup = C56A4C432894C97F008F22C4;
			productRefGroup = C56A4C4D2894C97F008F22C4 /* Products */;
			projectDirPath = "";
			projectRoot = "";
			targets = (
				C56A4C4B2894C97F008F22C4 /* MeKokushi */,
			);
		};
/* End PBXProject section */

/* Begin PBXResourcesBuildPhase section */
		C56A4C4A2894C97F008F22C4 /* Resources */ = {
			isa = PBXResourcesBuildPhase;
			buildActionMask = 2147483647;
			files = (
				C5B967AD289B633F00CCA641 /* ME国試.png in Resources */,
				C56A4C6B289526E0008F22C4 /* correct.png in Resources */,
				C52A73F3289EB158009C1241 /* 30AM40-0.webp in Resources */,
				C56A4C6C289526E0008F22C4 /* incorrect.png in Resources */,
				C52A73F5289EB9D9009C1241 /* 30AM40.jpeg in Resources */,
				C56A4C5C2894C980008F22C4 /* LaunchScreen.storyboard in Resources */,
				C56A4C592894C980008F22C4 /* Assets.xcassets in Resources */,
				C5B967B1289B680C00CCA641 /* 180.png in Resources */,
				C56A4C572894C97F008F22C4 /* Main.storyboard in Resources */,
				C56A4C682894FCB6008F22C4 /* quiz0.csv in Resources */,
				C56A4C702895BF23008F22C4 /* quiz1.csv in Resources */,
				C56A4C722895BF6C008F22C4 /* quiz2.csv in Resources */,
			);
			runOnlyForDeploymentPostprocessing = 0;
		};
/* End PBXResourcesBuildPhase section */

/* Begin PBXShellScriptBuildPhase section */
		0166B70665AA3A97E2279789 /* [CP] Check Pods Manifest.lock */ = {
			isa = PBXShellScriptBuildPhase;
			buildActionMask = 2147483647;
			files = (
			);
			inputFileListPaths = (
			);
			inputPaths = (
				"${PODS_PODFILE_DIR_PATH}/Podfile.lock",
				"${PODS_ROOT}/Manifest.lock",
			);
			name = "[CP] Check Pods Manifest.lock";
			outputFileListPaths = (
			);
			outputPaths = (
				"$(DERIVED_FILE_DIR)/Pods-MeKokushi-checkManifestLockResult.txt",
			);
			runOnlyForDeploymentPostprocessing = 0;
			shellPath = /bin/sh;
			shellScript = "diff \"${PODS_PODFILE_DIR_PATH}/Podfile.lock\" \"${PODS_ROOT}/Manifest.lock\" > /dev/null\nif [ $? != 0 ] ; then\n    # print error to STDERR\n    echo \"error: The sandbox is not in sync with the Podfile.lock. Run 'pod install' or update your CocoaPods installation.\" >&2\n    exit 1\nfi\n# This output is used by Xcode 'outputs' to avoid re-running this script phase.\necho \"SUCCESS\" > \"${SCRIPT_OUTPUT_FILE_0}\"\n";
			showEnvVarsInLog = 0;
		};
		AD656AF149A4D6A45F6B8A32 /* [CP] Embed Pods Frameworks */ = {
			isa = PBXShellScriptBuildPhase;
			buildActionMask = 2147483647;
			files = (
			);
			inputFileListPaths = (
				"${PODS_ROOT}/Target Support Files/Pods-MeKokushi/Pods-MeKokushi-frameworks-${CONFIGURATION}-input-files.xcfilelist",
			);
			name = "[CP] Embed Pods Frameworks";
			outputFileListPaths = (
				"${PODS_ROOT}/Target Support Files/Pods-MeKokushi/Pods-MeKokushi-frameworks-${CONFIGURATION}-output-files.xcfilelist",
			);
			runOnlyForDeploymentPostprocessing = 0;
			shellPath = /bin/sh;
			shellScript = "\"${PODS_ROOT}/Target Support Files/Pods-MeKokushi/Pods-MeKokushi-frameworks.sh\"\n";
			showEnvVarsInLog = 0;
		};
/* End PBXShellScriptBuildPhase section */

/* Begin PBXSourcesBuildPhase section */
		C56A4C482894C97F008F22C4 /* Sources */ = {
			isa = PBXSourcesBuildPhase;
			buildActionMask = 2147483647;
			files = (
				C56A4C542894C97F008F22C4 /* ViewController.swift in Sources */,
				C5B967B3289D789D00CCA641 /* SelectNendaiViewController.swift in Sources */,
				C529D36528EF363B00BC314D /* MyTabBarController.swift in Sources */,
				C56A4C502894C97F008F22C4 /* AppDelegate.swift in Sources */,
				C58DA17728A4A65100FD8F0D /* ResultViewController.swift in Sources */,
				C56A4C662894D9E9008F22C4 /* ScoreViewController.swift in Sources */,
				C56A4C522894C97F008F22C4 /* SceneDelegate.swift in Sources */,
				C53D192628BB4E1000EC9E76 /* BookmarkViewController.swift in Sources */,
				C56A4C6E2895AAE3008F22C4 /* SelectTangenViewController.swift in Sources */,
				C56A4C642894D8DB008F22C4 /* QuizViewController.swift in Sources */,
			);
			runOnlyForDeploymentPostprocessing = 0;
		};
/* End PBXSourcesBuildPhase section */

/* Begin PBXVariantGroup section */
		C56A4C552894C97F008F22C4 /* Main.storyboard */ = {
			isa = PBXVariantGroup;
			children = (
				C56A4C562894C97F008F22C4 /* Base */,
			);
			name = Main.storyboard;
			sourceTree = "<group>";
		};
		C56A4C5A2894C980008F22C4 /* LaunchScreen.storyboard */ = {
			isa = PBXVariantGroup;
			children = (
				C56A4C5B2894C980008F22C4 /* Base */,
			);
			name = LaunchScreen.storyboard;
			sourceTree = "<group>";
		};
/* End PBXVariantGroup section */

/* Begin XCBuildConfiguration section */
		C56A4C5E2894C980008F22C4 /* Debug */ = {
			isa = XCBuildConfiguration;
			buildSettings = {
				ALWAYS_SEARCH_USER_PATHS = NO;
				CLANG_ANALYZER_NONNULL = YES;
				CLANG_ANALYZER_NUMBER_OBJECT_CONVERSION = YES_AGGRESSIVE;
				CLANG_CXX_LANGUAGE_STANDARD = "gnu++17";
				CLANG_ENABLE_MODULES = YES;
				CLANG_ENABLE_OBJC_ARC = YES;
				CLANG_ENABLE_OBJC_WEAK = YES;
				CLANG_WARN_BLOCK_CAPTURE_AUTORELEASING = YES;
				CLANG_WARN_BOOL_CONVERSION = YES;
				CLANG_WARN_COMMA = YES;
				CLANG_WARN_CONSTANT_CONVERSION = YES;
				CLANG_WARN_DEPRECATED_OBJC_IMPLEMENTATIONS = YES;
				CLANG_WARN_DIRECT_OBJC_ISA_USAGE = YES_ERROR;
				CLANG_WARN_DOCUMENTATION_COMMENTS = YES;
				CLANG_WARN_EMPTY_BODY = YES;
				CLANG_WARN_ENUM_CONVERSION = YES;
				CLANG_WARN_INFINITE_RECURSION = YES;
				CLANG_WARN_INT_CONVERSION = YES;
				CLANG_WARN_NON_LITERAL_NULL_CONVERSION = YES;
				CLANG_WARN_OBJC_IMPLICIT_RETAIN_SELF = YES;
				CLANG_WARN_OBJC_LITERAL_CONVERSION = YES;
				CLANG_WARN_OBJC_ROOT_CLASS = YES_ERROR;
				CLANG_WARN_QUOTED_INCLUDE_IN_FRAMEWORK_HEADER = YES;
				CLANG_WARN_RANGE_LOOP_ANALYSIS = YES;
				CLANG_WARN_STRICT_PROTOTYPES = YES;
				CLANG_WARN_SUSPICIOUS_MOVE = YES;
				CLANG_WARN_UNGUARDED_AVAILABILITY = YES_AGGRESSIVE;
				CLANG_WARN_UNREACHABLE_CODE = YES;
				CLANG_WARN__DUPLICATE_METHOD_MATCH = YES;
				COPY_PHASE_STRIP = NO;
				DEBUG_INFORMATION_FORMAT = dwarf;
				ENABLE_STRICT_OBJC_MSGSEND = YES;
				ENABLE_TESTABILITY = YES;
				GCC_C_LANGUAGE_STANDARD = gnu11;
				GCC_DYNAMIC_NO_PIC = NO;
				GCC_NO_COMMON_BLOCKS = YES;
				GCC_OPTIMIZATION_LEVEL = 0;
				GCC_PREPROCESSOR_DEFINITIONS = (
					"DEBUG=1",
					"$(inherited)",
				);
				GCC_WARN_64_TO_32_BIT_CONVERSION = YES;
				GCC_WARN_ABOUT_RETURN_TYPE = YES_ERROR;
				GCC_WARN_UNDECLARED_SELECTOR = YES;
				GCC_WARN_UNINITIALIZED_AUTOS = YES_AGGRESSIVE;
				GCC_WARN_UNUSED_FUNCTION = YES;
				GCC_WARN_UNUSED_VARIABLE = YES;
				IPHONEOS_DEPLOYMENT_TARGET = 15.5;
				MTL_ENABLE_DEBUG_INFO = INCLUDE_SOURCE;
				MTL_FAST_MATH = YES;
				ONLY_ACTIVE_ARCH = YES;
				SDKROOT = iphoneos;
				SWIFT_ACTIVE_COMPILATION_CONDITIONS = DEBUG;
				SWIFT_OPTIMIZATION_LEVEL = "-Onone";
			};
			name = Debug;
		};
		C56A4C5F2894C980008F22C4 /* Release */ = {
			isa = XCBuildConfiguration;
			buildSettings = {
				ALWAYS_SEARCH_USER_PATHS = NO;
				CLANG_ANALYZER_NONNULL = YES;
				CLANG_ANALYZER_NUMBER_OBJECT_CONVERSION = YES_AGGRESSIVE;
				CLANG_CXX_LANGUAGE_STANDARD = "gnu++17";
				CLANG_ENABLE_MODULES = YES;
				CLANG_ENABLE_OBJC_ARC = YES;
				CLANG_ENABLE_OBJC_WEAK = YES;
				CLANG_WARN_BLOCK_CAPTURE_AUTORELEASING = YES;
				CLANG_WARN_BOOL_CONVERSION = YES;
				CLANG_WARN_COMMA = YES;
				CLANG_WARN_CONSTANT_CONVERSION = YES;
				CLANG_WARN_DEPRECATED_OBJC_IMPLEMENTATIONS = YES;
				CLANG_WARN_DIRECT_OBJC_ISA_USAGE = YES_ERROR;
				CLANG_WARN_DOCUMENTATION_COMMENTS = YES;
				CLANG_WARN_EMPTY_BODY = YES;
				CLANG_WARN_ENUM_CONVERSION = YES;
				CLANG_WARN_INFINITE_RECURSION = YES;
				CLANG_WARN_INT_CONVERSION = YES;
				CLANG_WARN_NON_LITERAL_NULL_CONVERSION = YES;
				CLANG_WARN_OBJC_IMPLICIT_RETAIN_SELF = YES;
				CLANG_WARN_OBJC_LITERAL_CONVERSION = YES;
				CLANG_WARN_OBJC_ROOT_CLASS = YES_ERROR;
				CLANG_WARN_QUOTED_INCLUDE_IN_FRAMEWORK_HEADER = YES;
				CLANG_WARN_RANGE_LOOP_ANALYSIS = YES;
				CLANG_WARN_STRICT_PROTOTYPES = YES;
				CLANG_WARN_SUSPICIOUS_MOVE = YES;
				CLANG_WARN_UNGUARDED_AVAILABILITY = YES_AGGRESSIVE;
				CLANG_WARN_UNREACHABLE_CODE = YES;
				CLANG_WARN__DUPLICATE_METHOD_MATCH = YES;
				COPY_PHASE_STRIP = NO;
				DEBUG_INFORMATION_FORMAT = "dwarf-with-dsym";
				ENABLE_NS_ASSERTIONS = NO;
				ENABLE_STRICT_OBJC_MSGSEND = YES;
				GCC_C_LANGUAGE_STANDARD = gnu11;
				GCC_NO_COMMON_BLOCKS = YES;
				GCC_WARN_64_TO_32_BIT_CONVERSION = YES;
				GCC_WARN_ABOUT_RETURN_TYPE = YES_ERROR;
				GCC_WARN_UNDECLARED_SELECTOR = YES;
				GCC_WARN_UNINITIALIZED_AUTOS = YES_AGGRESSIVE;
				GCC_WARN_UNUSED_FUNCTION = YES;
				GCC_WARN_UNUSED_VARIABLE = YES;
				IPHONEOS_DEPLOYMENT_TARGET = 15.5;
				MTL_ENABLE_DEBUG_INFO = NO;
				MTL_FAST_MATH = YES;
				SDKROOT = iphoneos;
				SWIFT_COMPILATION_MODE = wholemodule;
				SWIFT_OPTIMIZATION_LEVEL = "-O";
				VALIDATE_PRODUCT = YES;
			};
			name = Release;
		};
		C56A4C612894C980008F22C4 /* Debug */ = {
			isa = XCBuildConfiguration;
			baseConfigurationReference = 45662EC8D4600657E2C0ED8E /* Pods-MeKokushi.debug.xcconfig */;
			buildSettings = {
				ASSETCATALOG_COMPILER_APPICON_NAME = AppIcon;
				ASSETCATALOG_COMPILER_GLOBAL_ACCENT_COLOR_NAME = AccentColor;
				CODE_SIGN_STYLE = Automatic;
				CURRENT_PROJECT_VERSION = 1;
				DEVELOPMENT_TEAM = GQ85995VF4;
				GENERATE_INFOPLIST_FILE = YES;
				INFOPLIST_FILE = MeKokushi/Info.plist;
				INFOPLIST_KEY_UIApplicationSupportsIndirectInputEvents = YES;
				INFOPLIST_KEY_UILaunchStoryboardName = LaunchScreen;
				INFOPLIST_KEY_UIMainStoryboardFile = Main;
				INFOPLIST_KEY_UISupportedInterfaceOrientations_iPad = "UIInterfaceOrientationPortrait UIInterfaceOrientationPortraitUpsideDown UIInterfaceOrientationLandscapeLeft UIInterfaceOrientationLandscapeRight";
				INFOPLIST_KEY_UISupportedInterfaceOrientations_iPhone = UIInterfaceOrientationPortrait;
				LD_RUNPATH_SEARCH_PATHS = (
					"$(inherited)",
					"@executable_path/Frameworks",
				);
				MARKETING_VERSION = 1.0;
				PRODUCT_BUNDLE_IDENTIFIER = gushiken0604.MeKokushi;
				PRODUCT_NAME = "$(TARGET_NAME)";
				SWIFT_EMIT_LOC_STRINGS = YES;
				SWIFT_VERSION = 5.0;
				TARGETED_DEVICE_FAMILY = 1;
			};
			name = Debug;
		};
		C56A4C622894C980008F22C4 /* Release */ = {
			isa = XCBuildConfiguration;
			baseConfigurationReference = 387F8366FB2F4B296DC52816 /* Pods-MeKokushi.release.xcconfig */;
			buildSettings = {
				ASSETCATALOG_COMPILER_APPICON_NAME = AppIcon;
				ASSETCATALOG_COMPILER_GLOBAL_ACCENT_COLOR_NAME = AccentColor;
				CODE_SIGN_STYLE = Automatic;
				CURRENT_PROJECT_VERSION = 1;
				DEVELOPMENT_TEAM = GQ85995VF4;
				GENERATE_INFOPLIST_FILE = YES;
				INFOPLIST_FILE = MeKokushi/Info.plist;
				INFOPLIST_KEY_UIApplicationSupportsIndirectInputEvents = YES;
				INFOPLIST_KEY_UILaunchStoryboardName = LaunchScreen;
				INFOPLIST_KEY_UIMainStoryboardFile = Main;
				INFOPLIST_KEY_UISupportedInterfaceOrientations_iPad = "UIInterfaceOrientationPortrait UIInterfaceOrientationPortraitUpsideDown UIInterfaceOrientationLandscapeLeft UIInterfaceOrientationLandscapeRight";
				INFOPLIST_KEY_UISupportedInterfaceOrientations_iPhone = UIInterfaceOrientationPortrait;
				LD_RUNPATH_SEARCH_PATHS = (
					"$(inherited)",
					"@executable_path/Frameworks",
				);
				MARKETING_VERSION = 1.0;
				PRODUCT_BUNDLE_IDENTIFIER = gushiken0604.MeKokushi;
				PRODUCT_NAME = "$(TARGET_NAME)";
				SWIFT_EMIT_LOC_STRINGS = YES;
				SWIFT_VERSION = 5.0;
				TARGETED_DEVICE_FAMILY = 1;
			};
			name = Release;
		};
/* End XCBuildConfiguration section */

/* Begin XCConfigurationList section */
		C56A4C472894C97F008F22C4 /* Build configuration list for PBXProject "MeKokushi" */ = {
			isa = XCConfigurationList;
			buildConfigurations = (
				C56A4C5E2894C980008F22C4 /* Debug */,
				C56A4C5F2894C980008F22C4 /* Release */,
			);
			defaultConfigurationIsVisible = 0;
			defaultConfigurationName = Release;
		};
		C56A4C602894C980008F22C4 /* Build configuration list for PBXNativeTarget "MeKokushi" */ = {
			isa = XCConfigurationList;
			buildConfigurations = (
				C56A4C612894C980008F22C4 /* Debug */,
				C56A4C622894C980008F22C4 /* Release */,
			);
			defaultConfigurationIsVisible = 0;
			defaultConfigurationName = Release;
		};
/* End XCConfigurationList section */
	};
	rootObject = C56A4C442894C97F008F22C4 /* Project object */;
}
